
Microsoft Visual Studio Solution File, Format Version 12.00
# Visual Studio Version 16
VisualStudioVersion = 16.0.810.11
MinimumVisualStudioVersion = 10.0.40219.1
Project("{FAE04EC0-301F-11D3-BF4B-00C04F79EFBC}") = "CalculatorLibrary", "CalculatorLibrary\CalculatorLibrary.csproj", "{19A7C1C4-9BCF-439B-89A9-C8FF698F10D8}"
EndProject
Project("{FAE04EC0-301F-11D3-BF4B-00C04F79EFBC}") = "UnitTest", "CalculatorTest\UnitTest.csproj", "{298A7AF5-6868-449D-B29E-2AFCD7123D2A}"
EndProject
Project("{FAE04EC0-301F-11D3-BF4B-00C04F79EFBC}") = "CalculatorAPI", "CalculatorAPI\CalculatorAPI.csproj", "{BD85D28F-1A45-4AB2-8E39-3B5DD62F0C56}"
EndProject
Project("{FAE04EC0-301F-11D3-BF4B-00C04F79EFBC}") = "SharedDatabase", "SharedDatabase\SharedDatabase.csproj", "{D61A5B45-46F1-4735-911D-ABD98BC190E7}"
EndProject
Project("{FAE04EC0-301F-11D3-BF4B-00C04F79EFBC}") = "IntegrationTest", "IntegrationTest\IntegrationTest.csproj", "{E9918C1B-195B-4963-84B5-FBA77895D6F4}"
EndProject
Project("{FAE04EC0-301F-11D3-BF4B-00C04F79EFBC}") = "CalculatorWebApp", "CalculatorWebApp\CalculatorWebApp.csproj", "{C0814B1B-E60F-4DB4-858B-4448085E2C9D}"
EndProject
Global
	GlobalSection(SolutionConfigurationPlatforms) = preSolution
		Debug|Any CPU = Debug|Any CPU
		Release|Any CPU = Release|Any CPU
	EndGlobalSection
	GlobalSection(ProjectConfigurationPlatforms) = postSolution
		{19A7C1C4-9BCF-439B-89A9-C8FF698F10D8}.Debug|Any CPU.ActiveCfg = Debug|Any CPU
		{19A7C1C4-9BCF-439B-89A9-C8FF698F10D8}.Debug|Any CPU.Build.0 = Debug|Any CPU
		{19A7C1C4-9BCF-439B-89A9-C8FF698F10D8}.Release|Any CPU.ActiveCfg = Release|Any CPU
		{19A7C1C4-9BCF-439B-89A9-C8FF698F10D8}.Release|Any CPU.Build.0 = Release|Any CPU
		{298A7AF5-6868-449D-B29E-2AFCD7123D2A}.Debug|Any CPU.ActiveCfg = Debug|Any CPU
		{298A7AF5-6868-449D-B29E-2AFCD7123D2A}.Debug|Any CPU.Build.0 = Debug|Any CPU
		{298A7AF5-6868-449D-B29E-2AFCD7123D2A}.Release|Any CPU.ActiveCfg = Release|Any CPU
		{298A7AF5-6868-449D-B29E-2AFCD7123D2A}.Release|Any CPU.Build.0 = Release|Any CPU
		{BD85D28F-1A45-4AB2-8E39-3B5DD62F0C56}.Debug|Any CPU.ActiveCfg = Debug|Any CPU
		{BD85D28F-1A45-4AB2-8E39-3B5DD62F0C56}.Debug|Any CPU.Build.0 = Debug|Any CPU
		{BD85D28F-1A45-4AB2-8E39-3B5DD62F0C56}.Release|Any CPU.ActiveCfg = Release|Any CPU
		{BD85D28F-1A45-4AB2-8E39-3B5DD62F0C56}.Release|Any CPU.Build.0 = Release|Any CPU
		{D61A5B45-46F1-4735-911D-ABD98BC190E7}.Debug|Any CPU.ActiveCfg = Debug|Any CPU
		{D61A5B45-46F1-4735-911D-ABD98BC190E7}.Debug|Any CPU.Build.0 = Debug|Any CPU
		{D61A5B45-46F1-4735-911D-ABD98BC190E7}.Release|Any CPU.ActiveCfg = Release|Any CPU
		{D61A5B45-46F1-4735-911D-ABD98BC190E7}.Release|Any CPU.Build.0 = Release|Any CPU
		{E9918C1B-195B-4963-84B5-FBA77895D6F4}.Debug|Any CPU.ActiveCfg = Debug|Any CPU
		{E9918C1B-195B-4963-84B5-FBA77895D6F4}.Debug|Any CPU.Build.0 = Debug|Any CPU
		{E9918C1B-195B-4963-84B5-FBA77895D6F4}.Release|Any CPU.ActiveCfg = Release|Any CPU
		{E9918C1B-195B-4963-84B5-FBA77895D6F4}.Release|Any CPU.Build.0 = Release|Any CPU
		{C0814B1B-E60F-4DB4-858B-4448085E2C9D}.Debug|Any CPU.ActiveCfg = Debug|Any CPU
		{C0814B1B-E60F-4DB4-858B-4448085E2C9D}.Debug|Any CPU.Build.0 = Debug|Any CPU
		{C0814B1B-E60F-4DB4-858B-4448085E2C9D}.Release|Any CPU.ActiveCfg = Release|Any CPU
		{C0814B1B-E60F-4DB4-858B-4448085E2C9D}.Release|Any CPU.Build.0 = Release|Any CPU
	EndGlobalSection
	GlobalSection(SolutionProperties) = preSolution
		HideSolutionNode = FALSE
	EndGlobalSection
	GlobalSection(ExtensibilityGlobals) = postSolution
		SolutionGuid = {05BC7B74-D604-48BD-8D33-C3C7B6D9F7D9}
	EndGlobalSection
EndGlobal
